{
  "name": "demo1",
  "version": "1.0.0",
  "lockfileVersion": 1,
  "requires": true,
  "dependencies": {
    "@vant/weapp": {
      "version": "1.6.6",
      "resolved": "https://registry.npmjs.org/@vant/weapp/-/weapp-1.6.6.tgz",
      "integrity": "sha512-0fBUVCuyCr3esvZXx4683dTJGHYz98d+HctJHMmTAPBYBe7XWO0CV65Fxx931LxWi4B+K++80hRagcOmZqV/7A=="
    },
    "calendar": {
      "version": "github:pithyone/calendar.js#25673850f452c6305bdf57dcf618ecde6ae2f84f",
      "from": "github:pithyone/calendar.js"
    },
    "lodash.findindex": {
      "version": "4.6.0",
      "resolved": "https://registry.npmjs.org/lodash.findindex/-/lodash.findindex-4.6.0.tgz",
      "integrity": "sha1-oyRd7mH7m24GJLU1ElYku2nBEQY="
    },
    "miniprogram-datepicker": {
      "version": "0.5.1",
      "resolved": "https://registry.npmjs.org/miniprogram-datepicker/-/miniprogram-datepicker-0.5.1.tgz",
      "integrity": "sha512-G0vYSTD9pQ+kaEodK1p9Q8PmSZUURnZLjyDbjFXgrIfbjprEEALPEw/y0EVCxPS4k58akDZVWm82koCu15YHdw==",
      "requires": {
        "calendar": "github:pithyone/calendar.js",
        "lodash.findindex": "^4.6.0"
      }
    }
  }
}
