# THIS IS AN AUTOGENERATED FILE. DO NOT EDIT THIS FILE DIRECTLY.
# yarn lockfile v1


"@vant/weapp@^1.6.6":
  version "1.6.7"
  resolved "https://registry.yarnpkg.com/@vant/weapp/-/weapp-1.6.7.tgz#3a082d2459b7793209763c2059b42fcb5d5abb8f"
  integrity sha512-wgCfXgCXMu4qTFwJKWJlcd6aAEKOZnY2V99kjg5ZlAdRXxTVAyvl2qxmppFOwas0QFGjBVUBM0eKo2rY+3SL6g==

"calendar@github:pithyone/calendar.js":
  version "1.0.0"
  resolved "https://codeload.github.com/pithyone/calendar.js/tar.gz/25673850f452c6305bdf57dcf618ecde6ae2f84f"

lodash.findindex@^4.6.0:
  version "4.6.0"
  resolved "https://registry.yarnpkg.com/lodash.findindex/-/lodash.findindex-4.6.0.tgz#a3245dee61fb9b6e0624b535125624bb69c11106"
  integrity sha1-oyRd7mH7m24GJLU1ElYku2nBEQY=

miniprogram-datepicker@^0.5.1:
  version "0.5.1"
  resolved "https://registry.yarnpkg.com/miniprogram-datepicker/-/miniprogram-datepicker-0.5.1.tgz#601ce9b0d6bc8d9cbe0688fc92063fbfd4a6df64"
  integrity sha512-G0vYSTD9pQ+kaEodK1p9Q8PmSZUURnZLjyDbjFXgrIfbjprEEALPEw/y0EVCxPS4k58akDZVWm82koCu15YHdw==
  dependencies:
    calendar "github:pithyone/calendar.js"
    lodash.findindex "^4.6.0"

regenerator-runtime@^0.13.7:
  version "0.13.7"
  resolved "https://registry.yarnpkg.com/regenerator-runtime/-/regenerator-runtime-0.13.7.tgz#cac2dacc8a1ea675feaabaeb8ae833898ae46f55"
  integrity sha512-a54FxoJDIr27pgf7IgeQGxmqUNYrcV338lf/6gH456HZ/PhX+5BcwHXG9ajESmwe6WRO0tAzRUrRmNONWgkrew==
